
Microsoft Visual Studio Solution File, Format Version 12.00
# Visual Studio 15
VisualStudioVersion = 15.0.26430.6
MinimumVisualStudioVersion = 10.0.40219.1
Project("{FAE04EC0-301F-11D3-BF4B-00C04F79EFBC}") = "Test", "Test\Test.csproj", "{9739733F-1D87-4C66-B5E0-7B16C248AECF}"
EndProject
Project("{FAE04EC0-301F-11D3-BF4B-00C04F79EFBC}") = "WindowsFormsTest", "WindowsFormsTest\WindowsFormsTest.csproj", "{844FBC24-58C5-42E2-A373-D78DC8C9E955}"
EndProject
Project("{FAE04EC0-301F-11D3-BF4B-00C04F79EFBC}") = "ServerHost", "ServerHost\ServerHost.csproj", "{E93F7524-4CA2-474D-B63D-BD488A0EB147}"
EndProject
Project("{2150E333-8FDC-42A3-9474-1A3956D46DE8}") = "WCF", "WCF", "{EBF0FD7F-24BB-4AE6-ABE2-8E85F649F5F6}"
EndProject
Project("{FAE04EC0-301F-11D3-BF4B-00C04F79EFBC}") = "Client", "Client\Client.csproj", "{01BFFC3B-5E04-4846-9891-5B4D4512AC69}"
EndProject
Project("{FAE04EC0-301F-11D3-BF4B-00C04F79EFBC}") = "Service", "Service\Service.csproj", "{1C45CDAF-DAB1-4A86-8DBB-F3B246AE17CC}"
EndProject
Project("{FAE04EC0-301F-11D3-BF4B-00C04F79EFBC}") = "Common", "Common\Common.csproj", "{A5091C3D-BE07-48A2-AC60-C69354D0CE16}"
EndProject
Project("{FAE04EC0-301F-11D3-BF4B-00C04F79EFBC}") = "ServiceContract", "ServiceContract\ServiceContract.csproj", "{CB0C7EDF-B99A-4F53-B8F3-0968BC5241C3}"
EndProject
Project("{FAE04EC0-301F-11D3-BF4B-00C04F79EFBC}") = "ExpressionSerialization", "ExpressionSerialization\ExpressionSerialization.csproj", "{01ABE4DB-4ABE-4B0E-878B-B42A8C9B6560}"
EndProject
Project("{2150E333-8FDC-42A3-9474-1A3956D46DE8}") = "ExpressionTree", "ExpressionTree", "{C2DF4500-9615-4175-A977-26765942B72A}"
EndProject
Project("{FAE04EC0-301F-11D3-BF4B-00C04F79EFBC}") = "ExpressionTest.ShallowClone", "ExpressionTest\ExpressionTest.ShallowClone.csproj", "{C0B8A6FA-60C7-4408-BFF6-E8660DDD1B29}"
EndProject
Project("{FAE04EC0-301F-11D3-BF4B-00C04F79EFBC}") = "ExpressionTest.PropertyEqual", "ExpressionTest.PropertyEqual\ExpressionTest.PropertyEqual.csproj", "{E2B736FE-6FCD-4ABE-9669-678AF5873356}"
EndProject
Project("{2150E333-8FDC-42A3-9474-1A3956D46DE8}") = "SqliteTest", "SqliteTest", "{F0305DD4-4D04-4314-A526-8BDCB2B35F27}"
EndProject
Project("{FAE04EC0-301F-11D3-BF4B-00C04F79EFBC}") = "OpenSqliteDBByPwd", "OpenSqliteDBByPwd\OpenSqliteDBByPwd.csproj", "{80FA34A0-1117-450B-8C72-7C5DC3659D41}"
EndProject
Project("{2150E333-8FDC-42A3-9474-1A3956D46DE8}") = "WebAPISelfHost", "WebAPISelfHost", "{492CB4FB-86CF-4E99-8425-62CDCFE1EB04}"
EndProject
Project("{FAE04EC0-301F-11D3-BF4B-00C04F79EFBC}") = "MedicalInstruments.Server", "MedicalInstruments.Server\MedicalInstruments.Server.csproj", "{00D25B7C-72ED-4329-89DC-291DBFFD0402}"
EndProject
Project("{FAE04EC0-301F-11D3-BF4B-00C04F79EFBC}") = "LoadMenuTest", "LoadMenuTest\LoadMenuTest.csproj", "{500F3871-98F8-4527-83CB-0FE76EF03903}"
EndProject
Project("{FAE04EC0-301F-11D3-BF4B-00C04F79EFBC}") = "NPOIHelperTest", "NPOIHelperTest\NPOIHelperTest.csproj", "{C269AABA-8048-4D41-9396-2CD0C8AD5C66}"
EndProject
Global
	GlobalSection(SolutionConfigurationPlatforms) = preSolution
		Debug|Any CPU = Debug|Any CPU
		Release|Any CPU = Release|Any CPU
	EndGlobalSection
	GlobalSection(ProjectConfigurationPlatforms) = postSolution
		{9739733F-1D87-4C66-B5E0-7B16C248AECF}.Debug|Any CPU.ActiveCfg = Debug|Any CPU
		{9739733F-1D87-4C66-B5E0-7B16C248AECF}.Debug|Any CPU.Build.0 = Debug|Any CPU
		{9739733F-1D87-4C66-B5E0-7B16C248AECF}.Release|Any CPU.ActiveCfg = Release|Any CPU
		{9739733F-1D87-4C66-B5E0-7B16C248AECF}.Release|Any CPU.Build.0 = Release|Any CPU
		{844FBC24-58C5-42E2-A373-D78DC8C9E955}.Debug|Any CPU.ActiveCfg = Debug|Any CPU
		{844FBC24-58C5-42E2-A373-D78DC8C9E955}.Debug|Any CPU.Build.0 = Debug|Any CPU
		{844FBC24-58C5-42E2-A373-D78DC8C9E955}.Release|Any CPU.ActiveCfg = Release|Any CPU
		{844FBC24-58C5-42E2-A373-D78DC8C9E955}.Release|Any CPU.Build.0 = Release|Any CPU
		{E93F7524-4CA2-474D-B63D-BD488A0EB147}.Debug|Any CPU.ActiveCfg = Debug|Any CPU
		{E93F7524-4CA2-474D-B63D-BD488A0EB147}.Debug|Any CPU.Build.0 = Debug|Any CPU
		{E93F7524-4CA2-474D-B63D-BD488A0EB147}.Release|Any CPU.ActiveCfg = Release|Any CPU
		{E93F7524-4CA2-474D-B63D-BD488A0EB147}.Release|Any CPU.Build.0 = Release|Any CPU
		{01BFFC3B-5E04-4846-9891-5B4D4512AC69}.Debug|Any CPU.ActiveCfg = Debug|Any CPU
		{01BFFC3B-5E04-4846-9891-5B4D4512AC69}.Debug|Any CPU.Build.0 = Debug|Any CPU
		{01BFFC3B-5E04-4846-9891-5B4D4512AC69}.Release|Any CPU.ActiveCfg = Release|Any CPU
		{01BFFC3B-5E04-4846-9891-5B4D4512AC69}.Release|Any CPU.Build.0 = Release|Any CPU
		{1C45CDAF-DAB1-4A86-8DBB-F3B246AE17CC}.Debug|Any CPU.ActiveCfg = Debug|Any CPU
		{1C45CDAF-DAB1-4A86-8DBB-F3B246AE17CC}.Debug|Any CPU.Build.0 = Debug|Any CPU
		{1C45CDAF-DAB1-4A86-8DBB-F3B246AE17CC}.Release|Any CPU.ActiveCfg = Release|Any CPU
		{1C45CDAF-DAB1-4A86-8DBB-F3B246AE17CC}.Release|Any CPU.Build.0 = Release|Any CPU
		{A5091C3D-BE07-48A2-AC60-C69354D0CE16}.Debug|Any CPU.ActiveCfg = Debug|Any CPU
		{A5091C3D-BE07-48A2-AC60-C69354D0CE16}.Debug|Any CPU.Build.0 = Debug|Any CPU
		{A5091C3D-BE07-48A2-AC60-C69354D0CE16}.Release|Any CPU.ActiveCfg = Release|Any CPU
		{A5091C3D-BE07-48A2-AC60-C69354D0CE16}.Release|Any CPU.Build.0 = Release|Any CPU
		{CB0C7EDF-B99A-4F53-B8F3-0968BC5241C3}.Debug|Any CPU.ActiveCfg = Debug|Any CPU
		{CB0C7EDF-B99A-4F53-B8F3-0968BC5241C3}.Debug|Any CPU.Build.0 = Debug|Any CPU
		{CB0C7EDF-B99A-4F53-B8F3-0968BC5241C3}.Release|Any CPU.ActiveCfg = Release|Any CPU
		{CB0C7EDF-B99A-4F53-B8F3-0968BC5241C3}.Release|Any CPU.Build.0 = Release|Any CPU
		{01ABE4DB-4ABE-4B0E-878B-B42A8C9B6560}.Debug|Any CPU.ActiveCfg = Debug|Any CPU
		{01ABE4DB-4ABE-4B0E-878B-B42A8C9B6560}.Debug|Any CPU.Build.0 = Debug|Any CPU
		{01ABE4DB-4ABE-4B0E-878B-B42A8C9B6560}.Release|Any CPU.ActiveCfg = Release|Any CPU
		{01ABE4DB-4ABE-4B0E-878B-B42A8C9B6560}.Release|Any CPU.Build.0 = Release|Any CPU
		{C0B8A6FA-60C7-4408-BFF6-E8660DDD1B29}.Debug|Any CPU.ActiveCfg = Debug|Any CPU
		{C0B8A6FA-60C7-4408-BFF6-E8660DDD1B29}.Debug|Any CPU.Build.0 = Debug|Any CPU
		{C0B8A6FA-60C7-4408-BFF6-E8660DDD1B29}.Release|Any CPU.ActiveCfg = Release|Any CPU
		{C0B8A6FA-60C7-4408-BFF6-E8660DDD1B29}.Release|Any CPU.Build.0 = Release|Any CPU
		{E2B736FE-6FCD-4ABE-9669-678AF5873356}.Debug|Any CPU.ActiveCfg = Debug|Any CPU
		{E2B736FE-6FCD-4ABE-9669-678AF5873356}.Debug|Any CPU.Build.0 = Debug|Any CPU
		{E2B736FE-6FCD-4ABE-9669-678AF5873356}.Release|Any CPU.ActiveCfg = Release|Any CPU
		{E2B736FE-6FCD-4ABE-9669-678AF5873356}.Release|Any CPU.Build.0 = Release|Any CPU
		{80FA34A0-1117-450B-8C72-7C5DC3659D41}.Debug|Any CPU.ActiveCfg = Debug|Any CPU
		{80FA34A0-1117-450B-8C72-7C5DC3659D41}.Debug|Any CPU.Build.0 = Debug|Any CPU
		{80FA34A0-1117-450B-8C72-7C5DC3659D41}.Release|Any CPU.ActiveCfg = Release|Any CPU
		{80FA34A0-1117-450B-8C72-7C5DC3659D41}.Release|Any CPU.Build.0 = Release|Any CPU
		{00D25B7C-72ED-4329-89DC-291DBFFD0402}.Debug|Any CPU.ActiveCfg = Debug|Any CPU
		{00D25B7C-72ED-4329-89DC-291DBFFD0402}.Debug|Any CPU.Build.0 = Debug|Any CPU
		{00D25B7C-72ED-4329-89DC-291DBFFD0402}.Release|Any CPU.ActiveCfg = Release|Any CPU
		{00D25B7C-72ED-4329-89DC-291DBFFD0402}.Release|Any CPU.Build.0 = Release|Any CPU
		{500F3871-98F8-4527-83CB-0FE76EF03903}.Debug|Any CPU.ActiveCfg = Debug|Any CPU
		{500F3871-98F8-4527-83CB-0FE76EF03903}.Debug|Any CPU.Build.0 = Debug|Any CPU
		{500F3871-98F8-4527-83CB-0FE76EF03903}.Release|Any CPU.ActiveCfg = Release|Any CPU
		{500F3871-98F8-4527-83CB-0FE76EF03903}.Release|Any CPU.Build.0 = Release|Any CPU
		{C269AABA-8048-4D41-9396-2CD0C8AD5C66}.Debug|Any CPU.ActiveCfg = Debug|Any CPU
		{C269AABA-8048-4D41-9396-2CD0C8AD5C66}.Debug|Any CPU.Build.0 = Debug|Any CPU
		{C269AABA-8048-4D41-9396-2CD0C8AD5C66}.Release|Any CPU.ActiveCfg = Release|Any CPU
		{C269AABA-8048-4D41-9396-2CD0C8AD5C66}.Release|Any CPU.Build.0 = Release|Any CPU
	EndGlobalSection
	GlobalSection(SolutionProperties) = preSolution
		HideSolutionNode = FALSE
	EndGlobalSection
	GlobalSection(NestedProjects) = preSolution
		{E93F7524-4CA2-474D-B63D-BD488A0EB147} = {EBF0FD7F-24BB-4AE6-ABE2-8E85F649F5F6}
		{01BFFC3B-5E04-4846-9891-5B4D4512AC69} = {EBF0FD7F-24BB-4AE6-ABE2-8E85F649F5F6}
		{1C45CDAF-DAB1-4A86-8DBB-F3B246AE17CC} = {EBF0FD7F-24BB-4AE6-ABE2-8E85F649F5F6}
		{A5091C3D-BE07-48A2-AC60-C69354D0CE16} = {EBF0FD7F-24BB-4AE6-ABE2-8E85F649F5F6}
		{CB0C7EDF-B99A-4F53-B8F3-0968BC5241C3} = {EBF0FD7F-24BB-4AE6-ABE2-8E85F649F5F6}
		{01ABE4DB-4ABE-4B0E-878B-B42A8C9B6560} = {EBF0FD7F-24BB-4AE6-ABE2-8E85F649F5F6}
		{C0B8A6FA-60C7-4408-BFF6-E8660DDD1B29} = {C2DF4500-9615-4175-A977-26765942B72A}
		{E2B736FE-6FCD-4ABE-9669-678AF5873356} = {C2DF4500-9615-4175-A977-26765942B72A}
		{80FA34A0-1117-450B-8C72-7C5DC3659D41} = {F0305DD4-4D04-4314-A526-8BDCB2B35F27}
		{00D25B7C-72ED-4329-89DC-291DBFFD0402} = {492CB4FB-86CF-4E99-8425-62CDCFE1EB04}
	EndGlobalSection
EndGlobal
