
Microsoft Visual Studio Solution File, Format Version 12.00
# Visual Studio 15
VisualStudioVersion = 15.0.26403.7
MinimumVisualStudioVersion = 10.0.40219.1
Project("{FAE04EC0-301F-11D3-BF4B-00C04F79EFBC}") = "Test", "Test\Test.csproj", "{9739733F-1D87-4C66-B5E0-7B16C248AECF}"
EndProject
Project("{FAE04EC0-301F-11D3-BF4B-00C04F79EFBC}") = "WindowsFormsTest", "WindowsFormsTest\WindowsFormsTest.csproj", "{844FBC24-58C5-42E2-A373-D78DC8C9E955}"
EndProject
Project("{FAE04EC0-301F-11D3-BF4B-00C04F79EFBC}") = "ServerHost", "ServerHost\ServerHost.csproj", "{E93F7524-4CA2-474D-B63D-BD488A0EB147}"
EndProject
Project("{2150E333-8FDC-42A3-9474-1A3956D46DE8}") = "WCF", "WCF", "{EBF0FD7F-24BB-4AE6-ABE2-8E85F649F5F6}"
EndProject
Project("{FAE04EC0-301F-11D3-BF4B-00C04F79EFBC}") = "Client", "Client\Client.csproj", "{01BFFC3B-5E04-4846-9891-5B4D4512AC69}"
EndProject
Project("{FAE04EC0-301F-11D3-BF4B-00C04F79EFBC}") = "Service", "Service\Service.csproj", "{1C45CDAF-DAB1-4A86-8DBB-F3B246AE17CC}"
EndProject
Project("{FAE04EC0-301F-11D3-BF4B-00C04F79EFBC}") = "Common", "Common\Common.csproj", "{A5091C3D-BE07-48A2-AC60-C69354D0CE16}"
EndProject
Global
	GlobalSection(SolutionConfigurationPlatforms) = preSolution
		Debug|Any CPU = Debug|Any CPU
		Release|Any CPU = Release|Any CPU
	EndGlobalSection
	GlobalSection(ProjectConfigurationPlatforms) = postSolution
		{9739733F-1D87-4C66-B5E0-7B16C248AECF}.Debug|Any CPU.ActiveCfg = Debug|Any CPU
		{9739733F-1D87-4C66-B5E0-7B16C248AECF}.Debug|Any CPU.Build.0 = Debug|Any CPU
		{9739733F-1D87-4C66-B5E0-7B16C248AECF}.Release|Any CPU.ActiveCfg = Release|Any CPU
		{9739733F-1D87-4C66-B5E0-7B16C248AECF}.Release|Any CPU.Build.0 = Release|Any CPU
		{844FBC24-58C5-42E2-A373-D78DC8C9E955}.Debug|Any CPU.ActiveCfg = Debug|Any CPU
		{844FBC24-58C5-42E2-A373-D78DC8C9E955}.Debug|Any CPU.Build.0 = Debug|Any CPU
		{844FBC24-58C5-42E2-A373-D78DC8C9E955}.Release|Any CPU.ActiveCfg = Release|Any CPU
		{844FBC24-58C5-42E2-A373-D78DC8C9E955}.Release|Any CPU.Build.0 = Release|Any CPU
		{E93F7524-4CA2-474D-B63D-BD488A0EB147}.Debug|Any CPU.ActiveCfg = Debug|Any CPU
		{E93F7524-4CA2-474D-B63D-BD488A0EB147}.Debug|Any CPU.Build.0 = Debug|Any CPU
		{E93F7524-4CA2-474D-B63D-BD488A0EB147}.Release|Any CPU.ActiveCfg = Release|Any CPU
		{E93F7524-4CA2-474D-B63D-BD488A0EB147}.Release|Any CPU.Build.0 = Release|Any CPU
		{01BFFC3B-5E04-4846-9891-5B4D4512AC69}.Debug|Any CPU.ActiveCfg = Debug|Any CPU
		{01BFFC3B-5E04-4846-9891-5B4D4512AC69}.Debug|Any CPU.Build.0 = Debug|Any CPU
		{01BFFC3B-5E04-4846-9891-5B4D4512AC69}.Release|Any CPU.ActiveCfg = Release|Any CPU
		{01BFFC3B-5E04-4846-9891-5B4D4512AC69}.Release|Any CPU.Build.0 = Release|Any CPU
		{1C45CDAF-DAB1-4A86-8DBB-F3B246AE17CC}.Debug|Any CPU.ActiveCfg = Debug|Any CPU
		{1C45CDAF-DAB1-4A86-8DBB-F3B246AE17CC}.Debug|Any CPU.Build.0 = Debug|Any CPU
		{1C45CDAF-DAB1-4A86-8DBB-F3B246AE17CC}.Release|Any CPU.ActiveCfg = Release|Any CPU
		{1C45CDAF-DAB1-4A86-8DBB-F3B246AE17CC}.Release|Any CPU.Build.0 = Release|Any CPU
		{A5091C3D-BE07-48A2-AC60-C69354D0CE16}.Debug|Any CPU.ActiveCfg = Debug|Any CPU
		{A5091C3D-BE07-48A2-AC60-C69354D0CE16}.Debug|Any CPU.Build.0 = Debug|Any CPU
		{A5091C3D-BE07-48A2-AC60-C69354D0CE16}.Release|Any CPU.ActiveCfg = Release|Any CPU
		{A5091C3D-BE07-48A2-AC60-C69354D0CE16}.Release|Any CPU.Build.0 = Release|Any CPU
	EndGlobalSection
	GlobalSection(SolutionProperties) = preSolution
		HideSolutionNode = FALSE
	EndGlobalSection
	GlobalSection(NestedProjects) = preSolution
		{E93F7524-4CA2-474D-B63D-BD488A0EB147} = {EBF0FD7F-24BB-4AE6-ABE2-8E85F649F5F6}
		{01BFFC3B-5E04-4846-9891-5B4D4512AC69} = {EBF0FD7F-24BB-4AE6-ABE2-8E85F649F5F6}
		{1C45CDAF-DAB1-4A86-8DBB-F3B246AE17CC} = {EBF0FD7F-24BB-4AE6-ABE2-8E85F649F5F6}
		{A5091C3D-BE07-48A2-AC60-C69354D0CE16} = {EBF0FD7F-24BB-4AE6-ABE2-8E85F649F5F6}
	EndGlobalSection
EndGlobal
